
Microsoft Visual Studio Solution File, Format Version 12.00
# Visual Studio Version 16
Project("{8BC9CEB8-8B4A-11D0-8D11-00A0C91BC942}") = "ALL_BUILD", "ALL_BUILD.vcxproj", "{17D9CF52-3FC1-36A4-8542-C25E46A05C18}"
	ProjectSection(ProjectDependencies) = postProject
		{2794B483-451A-3A2E-9CD1-F826141E26AE} = {2794B483-451A-3A2E-9CD1-F826141E26AE}
		{DE1BC535-0E30-37AE-A096-33758649E7BC} = {DE1BC535-0E30-37AE-A096-33758649E7BC}
		{4420BE9B-71A8-30C3-B28A-346E3178E6A5} = {4420BE9B-71A8-30C3-B28A-346E3178E6A5}
		{C6D681B0-54BE-369D-A93A-6CC1D07DE587} = {C6D681B0-54BE-369D-A93A-6CC1D07DE587}
		{18EF2AD6-8D93-320E-B83E-248AD54FC39B} = {18EF2AD6-8D93-320E-B83E-248AD54FC39B}
		{AA320FF5-8187-3FCC-A43B-3C6323209BB3} = {AA320FF5-8187-3FCC-A43B-3C6323209BB3}
		{C0224D98-5A4C-3F54-AA2B-ACCEB99D4AE3} = {C0224D98-5A4C-3F54-AA2B-ACCEB99D4AE3}
		{BBDF8A3F-11AF-32F0-930F-6ABBA54BF003} = {BBDF8A3F-11AF-32F0-930F-6ABBA54BF003}
		{7AC3BB86-4394-3613-A49F-D6355FA59F6C} = {7AC3BB86-4394-3613-A49F-D6355FA59F6C}
		{CB5106FB-5174-31CB-AE4E-1B21686BCB8A} = {CB5106FB-5174-31CB-AE4E-1B21686BCB8A}
		{29EF4309-5ED8-3F74-A2ED-44DDF854C2A2} = {29EF4309-5ED8-3F74-A2ED-44DDF854C2A2}
		{E93ADCF1-3BAD-3610-B947-2362589AB7E0} = {E93ADCF1-3BAD-3610-B947-2362589AB7E0}
		{29D7CE1A-105F-3130-91E7-9E697D940DBB} = {29D7CE1A-105F-3130-91E7-9E697D940DBB}
		{35C05B4A-7F17-3BE7-BC1B-D15EB1F0632E} = {35C05B4A-7F17-3BE7-BC1B-D15EB1F0632E}
	EndProjectSection
EndProject
Project("{8BC9CEB8-8B4A-11D0-8D11-00A0C91BC942}") = "INSTALL", "INSTALL.vcxproj", "{20FE0DA9-1E39-315E-A009-1DBB31421AA2}"
	ProjectSection(ProjectDependencies) = postProject
		{17D9CF52-3FC1-36A4-8542-C25E46A05C18} = {17D9CF52-3FC1-36A4-8542-C25E46A05C18}
		{2794B483-451A-3A2E-9CD1-F826141E26AE} = {2794B483-451A-3A2E-9CD1-F826141E26AE}
	EndProjectSection
EndProject
Project("{8BC9CEB8-8B4A-11D0-8D11-00A0C91BC942}") = "RUN_TESTS", "RUN_TESTS.vcxproj", "{C24186CE-4895-331D-AAD2-EB81D3297D91}"
	ProjectSection(ProjectDependencies) = postProject
		{2794B483-451A-3A2E-9CD1-F826141E26AE} = {2794B483-451A-3A2E-9CD1-F826141E26AE}
	EndProjectSection
EndProject
Project("{8BC9CEB8-8B4A-11D0-8D11-00A0C91BC942}") = "ZERO_CHECK", "ZERO_CHECK.vcxproj", "{2794B483-451A-3A2E-9CD1-F826141E26AE}"
	ProjectSection(ProjectDependencies) = postProject
	EndProjectSection
EndProject
Project("{8BC9CEB8-8B4A-11D0-8D11-00A0C91BC942}") = "basic_datatypes", "src\test\pq\basic_datatypes.vcxproj", "{DE1BC535-0E30-37AE-A096-33758649E7BC}"
	ProjectSection(ProjectDependencies) = postProject
		{2794B483-451A-3A2E-9CD1-F826141E26AE} = {2794B483-451A-3A2E-9CD1-F826141E26AE}
		{E93ADCF1-3BAD-3610-B947-2362589AB7E0} = {E93ADCF1-3BAD-3610-B947-2362589AB7E0}
	EndProjectSection
EndProject
Project("{8BC9CEB8-8B4A-11D0-8D11-00A0C91BC942}") = "connection", "src\test\pq\connection.vcxproj", "{4420BE9B-71A8-30C3-B28A-346E3178E6A5}"
	ProjectSection(ProjectDependencies) = postProject
		{2794B483-451A-3A2E-9CD1-F826141E26AE} = {2794B483-451A-3A2E-9CD1-F826141E26AE}
		{E93ADCF1-3BAD-3610-B947-2362589AB7E0} = {E93ADCF1-3BAD-3610-B947-2362589AB7E0}
	EndProjectSection
EndProject
Project("{8BC9CEB8-8B4A-11D0-8D11-00A0C91BC942}") = "connection_pool", "src\test\pq\connection_pool.vcxproj", "{C6D681B0-54BE-369D-A93A-6CC1D07DE587}"
	ProjectSection(ProjectDependencies) = postProject
		{2794B483-451A-3A2E-9CD1-F826141E26AE} = {2794B483-451A-3A2E-9CD1-F826141E26AE}
		{E93ADCF1-3BAD-3610-B947-2362589AB7E0} = {E93ADCF1-3BAD-3610-B947-2362589AB7E0}
	EndProjectSection
EndProject
Project("{8BC9CEB8-8B4A-11D0-8D11-00A0C91BC942}") = "example", "src\test\pq\example.vcxproj", "{18EF2AD6-8D93-320E-B83E-248AD54FC39B}"
	ProjectSection(ProjectDependencies) = postProject
		{2794B483-451A-3A2E-9CD1-F826141E26AE} = {2794B483-451A-3A2E-9CD1-F826141E26AE}
		{E93ADCF1-3BAD-3610-B947-2362589AB7E0} = {E93ADCF1-3BAD-3610-B947-2362589AB7E0}
	EndProjectSection
EndProject
Project("{8BC9CEB8-8B4A-11D0-8D11-00A0C91BC942}") = "getenv", "src\test\pq\getenv.vcxproj", "{AA320FF5-8187-3FCC-A43B-3C6323209BB3}"
	ProjectSection(ProjectDependencies) = postProject
		{2794B483-451A-3A2E-9CD1-F826141E26AE} = {2794B483-451A-3A2E-9CD1-F826141E26AE}
		{E93ADCF1-3BAD-3610-B947-2362589AB7E0} = {E93ADCF1-3BAD-3610-B947-2362589AB7E0}
	EndProjectSection
EndProject
Project("{8BC9CEB8-8B4A-11D0-8D11-00A0C91BC942}") = "has_reserve", "src\test\pq\has_reserve.vcxproj", "{C0224D98-5A4C-3F54-AA2B-ACCEB99D4AE3}"
	ProjectSection(ProjectDependencies) = postProject
		{2794B483-451A-3A2E-9CD1-F826141E26AE} = {2794B483-451A-3A2E-9CD1-F826141E26AE}
		{E93ADCF1-3BAD-3610-B947-2362589AB7E0} = {E93ADCF1-3BAD-3610-B947-2362589AB7E0}
	EndProjectSection
EndProject
Project("{8BC9CEB8-8B4A-11D0-8D11-00A0C91BC942}") = "result", "src\test\pq\result.vcxproj", "{BBDF8A3F-11AF-32F0-930F-6ABBA54BF003}"
	ProjectSection(ProjectDependencies) = postProject
		{2794B483-451A-3A2E-9CD1-F826141E26AE} = {2794B483-451A-3A2E-9CD1-F826141E26AE}
		{E93ADCF1-3BAD-3610-B947-2362589AB7E0} = {E93ADCF1-3BAD-3610-B947-2362589AB7E0}
	EndProjectSection
EndProject
Project("{8BC9CEB8-8B4A-11D0-8D11-00A0C91BC942}") = "row", "src\test\pq\row.vcxproj", "{7AC3BB86-4394-3613-A49F-D6355FA59F6C}"
	ProjectSection(ProjectDependencies) = postProject
		{2794B483-451A-3A2E-9CD1-F826141E26AE} = {2794B483-451A-3A2E-9CD1-F826141E26AE}
		{E93ADCF1-3BAD-3610-B947-2362589AB7E0} = {E93ADCF1-3BAD-3610-B947-2362589AB7E0}
	EndProjectSection
EndProject
Project("{8BC9CEB8-8B4A-11D0-8D11-00A0C91BC942}") = "strtox", "src\test\pq\strtox.vcxproj", "{CB5106FB-5174-31CB-AE4E-1B21686BCB8A}"
	ProjectSection(ProjectDependencies) = postProject
		{2794B483-451A-3A2E-9CD1-F826141E26AE} = {2794B483-451A-3A2E-9CD1-F826141E26AE}
		{E93ADCF1-3BAD-3610-B947-2362589AB7E0} = {E93ADCF1-3BAD-3610-B947-2362589AB7E0}
	EndProjectSection
EndProject
Project("{8BC9CEB8-8B4A-11D0-8D11-00A0C91BC942}") = "table_writer", "src\test\pq\table_writer.vcxproj", "{29EF4309-5ED8-3F74-A2ED-44DDF854C2A2}"
	ProjectSection(ProjectDependencies) = postProject
		{2794B483-451A-3A2E-9CD1-F826141E26AE} = {2794B483-451A-3A2E-9CD1-F826141E26AE}
		{E93ADCF1-3BAD-3610-B947-2362589AB7E0} = {E93ADCF1-3BAD-3610-B947-2362589AB7E0}
	EndProjectSection
EndProject
Project("{8BC9CEB8-8B4A-11D0-8D11-00A0C91BC942}") = "taopq", "taopq.vcxproj", "{E93ADCF1-3BAD-3610-B947-2362589AB7E0}"
	ProjectSection(ProjectDependencies) = postProject
		{2794B483-451A-3A2E-9CD1-F826141E26AE} = {2794B483-451A-3A2E-9CD1-F826141E26AE}
	EndProjectSection
EndProject
Project("{8BC9CEB8-8B4A-11D0-8D11-00A0C91BC942}") = "traits", "src\test\pq\traits.vcxproj", "{29D7CE1A-105F-3130-91E7-9E697D940DBB}"
	ProjectSection(ProjectDependencies) = postProject
		{2794B483-451A-3A2E-9CD1-F826141E26AE} = {2794B483-451A-3A2E-9CD1-F826141E26AE}
		{E93ADCF1-3BAD-3610-B947-2362589AB7E0} = {E93ADCF1-3BAD-3610-B947-2362589AB7E0}
	EndProjectSection
EndProject
Project("{8BC9CEB8-8B4A-11D0-8D11-00A0C91BC942}") = "transaction", "src\test\pq\transaction.vcxproj", "{35C05B4A-7F17-3BE7-BC1B-D15EB1F0632E}"
	ProjectSection(ProjectDependencies) = postProject
		{2794B483-451A-3A2E-9CD1-F826141E26AE} = {2794B483-451A-3A2E-9CD1-F826141E26AE}
		{E93ADCF1-3BAD-3610-B947-2362589AB7E0} = {E93ADCF1-3BAD-3610-B947-2362589AB7E0}
	EndProjectSection
EndProject
Global
	GlobalSection(SolutionConfigurationPlatforms) = preSolution
		Debug|x64 = Debug|x64
		Release|x64 = Release|x64
		MinSizeRel|x64 = MinSizeRel|x64
		RelWithDebInfo|x64 = RelWithDebInfo|x64
	EndGlobalSection
	GlobalSection(ProjectConfigurationPlatforms) = postSolution
		{17D9CF52-3FC1-36A4-8542-C25E46A05C18}.Debug|x64.ActiveCfg = Debug|x64
		{17D9CF52-3FC1-36A4-8542-C25E46A05C18}.Debug|x64.Build.0 = Debug|x64
		{17D9CF52-3FC1-36A4-8542-C25E46A05C18}.Release|x64.ActiveCfg = Release|x64
		{17D9CF52-3FC1-36A4-8542-C25E46A05C18}.Release|x64.Build.0 = Release|x64
		{17D9CF52-3FC1-36A4-8542-C25E46A05C18}.MinSizeRel|x64.ActiveCfg = MinSizeRel|x64
		{17D9CF52-3FC1-36A4-8542-C25E46A05C18}.MinSizeRel|x64.Build.0 = MinSizeRel|x64
		{17D9CF52-3FC1-36A4-8542-C25E46A05C18}.RelWithDebInfo|x64.ActiveCfg = RelWithDebInfo|x64
		{17D9CF52-3FC1-36A4-8542-C25E46A05C18}.RelWithDebInfo|x64.Build.0 = RelWithDebInfo|x64
		{20FE0DA9-1E39-315E-A009-1DBB31421AA2}.Debug|x64.ActiveCfg = Debug|x64
		{20FE0DA9-1E39-315E-A009-1DBB31421AA2}.Release|x64.ActiveCfg = Release|x64
		{20FE0DA9-1E39-315E-A009-1DBB31421AA2}.MinSizeRel|x64.ActiveCfg = MinSizeRel|x64
		{20FE0DA9-1E39-315E-A009-1DBB31421AA2}.RelWithDebInfo|x64.ActiveCfg = RelWithDebInfo|x64
		{C24186CE-4895-331D-AAD2-EB81D3297D91}.Debug|x64.ActiveCfg = Debug|x64
		{C24186CE-4895-331D-AAD2-EB81D3297D91}.Release|x64.ActiveCfg = Release|x64
		{C24186CE-4895-331D-AAD2-EB81D3297D91}.MinSizeRel|x64.ActiveCfg = MinSizeRel|x64
		{C24186CE-4895-331D-AAD2-EB81D3297D91}.RelWithDebInfo|x64.ActiveCfg = RelWithDebInfo|x64
		{2794B483-451A-3A2E-9CD1-F826141E26AE}.Debug|x64.ActiveCfg = Debug|x64
		{2794B483-451A-3A2E-9CD1-F826141E26AE}.Debug|x64.Build.0 = Debug|x64
		{2794B483-451A-3A2E-9CD1-F826141E26AE}.Release|x64.ActiveCfg = Release|x64
		{2794B483-451A-3A2E-9CD1-F826141E26AE}.Release|x64.Build.0 = Release|x64
		{2794B483-451A-3A2E-9CD1-F826141E26AE}.MinSizeRel|x64.ActiveCfg = MinSizeRel|x64
		{2794B483-451A-3A2E-9CD1-F826141E26AE}.MinSizeRel|x64.Build.0 = MinSizeRel|x64
		{2794B483-451A-3A2E-9CD1-F826141E26AE}.RelWithDebInfo|x64.ActiveCfg = RelWithDebInfo|x64
		{2794B483-451A-3A2E-9CD1-F826141E26AE}.RelWithDebInfo|x64.Build.0 = RelWithDebInfo|x64
		{DE1BC535-0E30-37AE-A096-33758649E7BC}.Debug|x64.ActiveCfg = Debug|x64
		{DE1BC535-0E30-37AE-A096-33758649E7BC}.Debug|x64.Build.0 = Debug|x64
		{DE1BC535-0E30-37AE-A096-33758649E7BC}.Release|x64.ActiveCfg = Release|x64
		{DE1BC535-0E30-37AE-A096-33758649E7BC}.Release|x64.Build.0 = Release|x64
		{DE1BC535-0E30-37AE-A096-33758649E7BC}.MinSizeRel|x64.ActiveCfg = MinSizeRel|x64
		{DE1BC535-0E30-37AE-A096-33758649E7BC}.MinSizeRel|x64.Build.0 = MinSizeRel|x64
		{DE1BC535-0E30-37AE-A096-33758649E7BC}.RelWithDebInfo|x64.ActiveCfg = RelWithDebInfo|x64
		{DE1BC535-0E30-37AE-A096-33758649E7BC}.RelWithDebInfo|x64.Build.0 = RelWithDebInfo|x64
		{4420BE9B-71A8-30C3-B28A-346E3178E6A5}.Debug|x64.ActiveCfg = Debug|x64
		{4420BE9B-71A8-30C3-B28A-346E3178E6A5}.Debug|x64.Build.0 = Debug|x64
		{4420BE9B-71A8-30C3-B28A-346E3178E6A5}.Release|x64.ActiveCfg = Release|x64
		{4420BE9B-71A8-30C3-B28A-346E3178E6A5}.Release|x64.Build.0 = Release|x64
		{4420BE9B-71A8-30C3-B28A-346E3178E6A5}.MinSizeRel|x64.ActiveCfg = MinSizeRel|x64
		{4420BE9B-71A8-30C3-B28A-346E3178E6A5}.MinSizeRel|x64.Build.0 = MinSizeRel|x64
		{4420BE9B-71A8-30C3-B28A-346E3178E6A5}.RelWithDebInfo|x64.ActiveCfg = RelWithDebInfo|x64
		{4420BE9B-71A8-30C3-B28A-346E3178E6A5}.RelWithDebInfo|x64.Build.0 = RelWithDebInfo|x64
		{C6D681B0-54BE-369D-A93A-6CC1D07DE587}.Debug|x64.ActiveCfg = Debug|x64
		{C6D681B0-54BE-369D-A93A-6CC1D07DE587}.Debug|x64.Build.0 = Debug|x64
		{C6D681B0-54BE-369D-A93A-6CC1D07DE587}.Release|x64.ActiveCfg = Release|x64
		{C6D681B0-54BE-369D-A93A-6CC1D07DE587}.Release|x64.Build.0 = Release|x64
		{C6D681B0-54BE-369D-A93A-6CC1D07DE587}.MinSizeRel|x64.ActiveCfg = MinSizeRel|x64
		{C6D681B0-54BE-369D-A93A-6CC1D07DE587}.MinSizeRel|x64.Build.0 = MinSizeRel|x64
		{C6D681B0-54BE-369D-A93A-6CC1D07DE587}.RelWithDebInfo|x64.ActiveCfg = RelWithDebInfo|x64
		{C6D681B0-54BE-369D-A93A-6CC1D07DE587}.RelWithDebInfo|x64.Build.0 = RelWithDebInfo|x64
		{18EF2AD6-8D93-320E-B83E-248AD54FC39B}.Debug|x64.ActiveCfg = Debug|x64
		{18EF2AD6-8D93-320E-B83E-248AD54FC39B}.Debug|x64.Build.0 = Debug|x64
		{18EF2AD6-8D93-320E-B83E-248AD54FC39B}.Release|x64.ActiveCfg = Release|x64
		{18EF2AD6-8D93-320E-B83E-248AD54FC39B}.Release|x64.Build.0 = Release|x64
		{18EF2AD6-8D93-320E-B83E-248AD54FC39B}.MinSizeRel|x64.ActiveCfg = MinSizeRel|x64
		{18EF2AD6-8D93-320E-B83E-248AD54FC39B}.MinSizeRel|x64.Build.0 = MinSizeRel|x64
		{18EF2AD6-8D93-320E-B83E-248AD54FC39B}.RelWithDebInfo|x64.ActiveCfg = RelWithDebInfo|x64
		{18EF2AD6-8D93-320E-B83E-248AD54FC39B}.RelWithDebInfo|x64.Build.0 = RelWithDebInfo|x64
		{AA320FF5-8187-3FCC-A43B-3C6323209BB3}.Debug|x64.ActiveCfg = Debug|x64
		{AA320FF5-8187-3FCC-A43B-3C6323209BB3}.Debug|x64.Build.0 = Debug|x64
		{AA320FF5-8187-3FCC-A43B-3C6323209BB3}.Release|x64.ActiveCfg = Release|x64
		{AA320FF5-8187-3FCC-A43B-3C6323209BB3}.Release|x64.Build.0 = Release|x64
		{AA320FF5-8187-3FCC-A43B-3C6323209BB3}.MinSizeRel|x64.ActiveCfg = MinSizeRel|x64
		{AA320FF5-8187-3FCC-A43B-3C6323209BB3}.MinSizeRel|x64.Build.0 = MinSizeRel|x64
		{AA320FF5-8187-3FCC-A43B-3C6323209BB3}.RelWithDebInfo|x64.ActiveCfg = RelWithDebInfo|x64
		{AA320FF5-8187-3FCC-A43B-3C6323209BB3}.RelWithDebInfo|x64.Build.0 = RelWithDebInfo|x64
		{C0224D98-5A4C-3F54-AA2B-ACCEB99D4AE3}.Debug|x64.ActiveCfg = Debug|x64
		{C0224D98-5A4C-3F54-AA2B-ACCEB99D4AE3}.Debug|x64.Build.0 = Debug|x64
		{C0224D98-5A4C-3F54-AA2B-ACCEB99D4AE3}.Release|x64.ActiveCfg = Release|x64
		{C0224D98-5A4C-3F54-AA2B-ACCEB99D4AE3}.Release|x64.Build.0 = Release|x64
		{C0224D98-5A4C-3F54-AA2B-ACCEB99D4AE3}.MinSizeRel|x64.ActiveCfg = MinSizeRel|x64
		{C0224D98-5A4C-3F54-AA2B-ACCEB99D4AE3}.MinSizeRel|x64.Build.0 = MinSizeRel|x64
		{C0224D98-5A4C-3F54-AA2B-ACCEB99D4AE3}.RelWithDebInfo|x64.ActiveCfg = RelWithDebInfo|x64
		{C0224D98-5A4C-3F54-AA2B-ACCEB99D4AE3}.RelWithDebInfo|x64.Build.0 = RelWithDebInfo|x64
		{BBDF8A3F-11AF-32F0-930F-6ABBA54BF003}.Debug|x64.ActiveCfg = Debug|x64
		{BBDF8A3F-11AF-32F0-930F-6ABBA54BF003}.Debug|x64.Build.0 = Debug|x64
		{BBDF8A3F-11AF-32F0-930F-6ABBA54BF003}.Release|x64.ActiveCfg = Release|x64
		{BBDF8A3F-11AF-32F0-930F-6ABBA54BF003}.Release|x64.Build.0 = Release|x64
		{BBDF8A3F-11AF-32F0-930F-6ABBA54BF003}.MinSizeRel|x64.ActiveCfg = MinSizeRel|x64
		{BBDF8A3F-11AF-32F0-930F-6ABBA54BF003}.MinSizeRel|x64.Build.0 = MinSizeRel|x64
		{BBDF8A3F-11AF-32F0-930F-6ABBA54BF003}.RelWithDebInfo|x64.ActiveCfg = RelWithDebInfo|x64
		{BBDF8A3F-11AF-32F0-930F-6ABBA54BF003}.RelWithDebInfo|x64.Build.0 = RelWithDebInfo|x64
		{7AC3BB86-4394-3613-A49F-D6355FA59F6C}.Debug|x64.ActiveCfg = Debug|x64
		{7AC3BB86-4394-3613-A49F-D6355FA59F6C}.Debug|x64.Build.0 = Debug|x64
		{7AC3BB86-4394-3613-A49F-D6355FA59F6C}.Release|x64.ActiveCfg = Release|x64
		{7AC3BB86-4394-3613-A49F-D6355FA59F6C}.Release|x64.Build.0 = Release|x64
		{7AC3BB86-4394-3613-A49F-D6355FA59F6C}.MinSizeRel|x64.ActiveCfg = MinSizeRel|x64
		{7AC3BB86-4394-3613-A49F-D6355FA59F6C}.MinSizeRel|x64.Build.0 = MinSizeRel|x64
		{7AC3BB86-4394-3613-A49F-D6355FA59F6C}.RelWithDebInfo|x64.ActiveCfg = RelWithDebInfo|x64
		{7AC3BB86-4394-3613-A49F-D6355FA59F6C}.RelWithDebInfo|x64.Build.0 = RelWithDebInfo|x64
		{CB5106FB-5174-31CB-AE4E-1B21686BCB8A}.Debug|x64.ActiveCfg = Debug|x64
		{CB5106FB-5174-31CB-AE4E-1B21686BCB8A}.Debug|x64.Build.0 = Debug|x64
		{CB5106FB-5174-31CB-AE4E-1B21686BCB8A}.Release|x64.ActiveCfg = Release|x64
		{CB5106FB-5174-31CB-AE4E-1B21686BCB8A}.Release|x64.Build.0 = Release|x64
		{CB5106FB-5174-31CB-AE4E-1B21686BCB8A}.MinSizeRel|x64.ActiveCfg = MinSizeRel|x64
		{CB5106FB-5174-31CB-AE4E-1B21686BCB8A}.MinSizeRel|x64.Build.0 = MinSizeRel|x64
		{CB5106FB-5174-31CB-AE4E-1B21686BCB8A}.RelWithDebInfo|x64.ActiveCfg = RelWithDebInfo|x64
		{CB5106FB-5174-31CB-AE4E-1B21686BCB8A}.RelWithDebInfo|x64.Build.0 = RelWithDebInfo|x64
		{29EF4309-5ED8-3F74-A2ED-44DDF854C2A2}.Debug|x64.ActiveCfg = Debug|x64
		{29EF4309-5ED8-3F74-A2ED-44DDF854C2A2}.Debug|x64.Build.0 = Debug|x64
		{29EF4309-5ED8-3F74-A2ED-44DDF854C2A2}.Release|x64.ActiveCfg = Release|x64
		{29EF4309-5ED8-3F74-A2ED-44DDF854C2A2}.Release|x64.Build.0 = Release|x64
		{29EF4309-5ED8-3F74-A2ED-44DDF854C2A2}.MinSizeRel|x64.ActiveCfg = MinSizeRel|x64
		{29EF4309-5ED8-3F74-A2ED-44DDF854C2A2}.MinSizeRel|x64.Build.0 = MinSizeRel|x64
		{29EF4309-5ED8-3F74-A2ED-44DDF854C2A2}.RelWithDebInfo|x64.ActiveCfg = RelWithDebInfo|x64
		{29EF4309-5ED8-3F74-A2ED-44DDF854C2A2}.RelWithDebInfo|x64.Build.0 = RelWithDebInfo|x64
		{E93ADCF1-3BAD-3610-B947-2362589AB7E0}.Debug|x64.ActiveCfg = Debug|x64
		{E93ADCF1-3BAD-3610-B947-2362589AB7E0}.Debug|x64.Build.0 = Debug|x64
		{E93ADCF1-3BAD-3610-B947-2362589AB7E0}.Release|x64.ActiveCfg = Release|x64
		{E93ADCF1-3BAD-3610-B947-2362589AB7E0}.Release|x64.Build.0 = Release|x64
		{E93ADCF1-3BAD-3610-B947-2362589AB7E0}.MinSizeRel|x64.ActiveCfg = MinSizeRel|x64
		{E93ADCF1-3BAD-3610-B947-2362589AB7E0}.MinSizeRel|x64.Build.0 = MinSizeRel|x64
		{E93ADCF1-3BAD-3610-B947-2362589AB7E0}.RelWithDebInfo|x64.ActiveCfg = RelWithDebInfo|x64
		{E93ADCF1-3BAD-3610-B947-2362589AB7E0}.RelWithDebInfo|x64.Build.0 = RelWithDebInfo|x64
		{29D7CE1A-105F-3130-91E7-9E697D940DBB}.Debug|x64.ActiveCfg = Debug|x64
		{29D7CE1A-105F-3130-91E7-9E697D940DBB}.Debug|x64.Build.0 = Debug|x64
		{29D7CE1A-105F-3130-91E7-9E697D940DBB}.Release|x64.ActiveCfg = Release|x64
		{29D7CE1A-105F-3130-91E7-9E697D940DBB}.Release|x64.Build.0 = Release|x64
		{29D7CE1A-105F-3130-91E7-9E697D940DBB}.MinSizeRel|x64.ActiveCfg = MinSizeRel|x64
		{29D7CE1A-105F-3130-91E7-9E697D940DBB}.MinSizeRel|x64.Build.0 = MinSizeRel|x64
		{29D7CE1A-105F-3130-91E7-9E697D940DBB}.RelWithDebInfo|x64.ActiveCfg = RelWithDebInfo|x64
		{29D7CE1A-105F-3130-91E7-9E697D940DBB}.RelWithDebInfo|x64.Build.0 = RelWithDebInfo|x64
		{35C05B4A-7F17-3BE7-BC1B-D15EB1F0632E}.Debug|x64.ActiveCfg = Debug|x64
		{35C05B4A-7F17-3BE7-BC1B-D15EB1F0632E}.Debug|x64.Build.0 = Debug|x64
		{35C05B4A-7F17-3BE7-BC1B-D15EB1F0632E}.Release|x64.ActiveCfg = Release|x64
		{35C05B4A-7F17-3BE7-BC1B-D15EB1F0632E}.Release|x64.Build.0 = Release|x64
		{35C05B4A-7F17-3BE7-BC1B-D15EB1F0632E}.MinSizeRel|x64.ActiveCfg = MinSizeRel|x64
		{35C05B4A-7F17-3BE7-BC1B-D15EB1F0632E}.MinSizeRel|x64.Build.0 = MinSizeRel|x64
		{35C05B4A-7F17-3BE7-BC1B-D15EB1F0632E}.RelWithDebInfo|x64.ActiveCfg = RelWithDebInfo|x64
		{35C05B4A-7F17-3BE7-BC1B-D15EB1F0632E}.RelWithDebInfo|x64.Build.0 = RelWithDebInfo|x64
	EndGlobalSection
	GlobalSection(ExtensibilityGlobals) = postSolution
		SolutionGuid = {4ECA995F-BBCC-3DFA-81D8-ABD13ABAB70B}
	EndGlobalSection
	GlobalSection(ExtensibilityAddIns) = postSolution
	EndGlobalSection
EndGlobal
